// !$*UTF8*$!
{
	archiveVersion = 1;
	classes = {
	};
	objectVersion = 46;
	objects = {

/* Begin PBXBuildFile section */
		44281C161EEDAD1300B74EA7 /* Meal.swift in Sources */ = {isa = PBXBuildFile; fileRef = 44281C151EEDAD1200B74EA7 /* Meal.swift */; };
		44281C191EEDB28D00B74EA7 /* MealTableViewCell.swift in Sources */ = {isa = PBXBuildFile; fileRef = 44281C181EEDB28D00B74EA7 /* MealTableViewCell.swift */; };
		44281C1C1EEDB67700B74EA7 /* MealTableViewController.swift in Sources */ = {isa = PBXBuildFile; fileRef = 44281C1B1EEDB67700B74EA7 /* MealTableViewController.swift */; };
		4436255D1EEB837800C69F99 /* AppDelegate.swift in Sources */ = {isa = PBXBuildFile; fileRef = 4436255C1EEB837800C69F99 /* AppDelegate.swift */; };
		4436255F1EEB837800C69F99 /* MealViewController.swift in Sources */ = {isa = PBXBuildFile; fileRef = 4436255E1EEB837800C69F99 /* MealViewController.swift */; };
		443625621EEB837800C69F99 /* Main.storyboard in Resources */ = {isa = PBXBuildFile; fileRef = 443625601EEB837800C69F99 /* Main.storyboard */; };
		443625651EEB837800C69F99 /* JumpRightIn.xcdatamodeld in Sources */ = {isa = PBXBuildFile; fileRef = 443625631EEB837800C69F99 /* JumpRightIn.xcdatamodeld */; };
		443625671EEB837800C69F99 /* Assets.xcassets in Resources */ = {isa = PBXBuildFile; fileRef = 443625661EEB837800C69F99 /* Assets.xcassets */; };
		4436256A1EEB837800C69F99 /* LaunchScreen.storyboard in Resources */ = {isa = PBXBuildFile; fileRef = 443625681EEB837800C69F99 /* LaunchScreen.storyboard */; };
		444E33FE1EEBA98000425354 /* RatingController.swift in Sources */ = {isa = PBXBuildFile; fileRef = 444E33FD1EEBA98000425354 /* RatingController.swift */; };
/* End PBXBuildFile section */

/* Begin PBXFileReference section */
		44281C151EEDAD1200B74EA7 /* Meal.swift */ = {isa = PBXFileReference; fileEncoding = 4; lastKnownFileType = sourcecode.swift; path = Meal.swift; sourceTree = "<group>"; };
		44281C181EEDB28D00B74EA7 /* MealTableViewCell.swift */ = {isa = PBXFileReference; fileEncoding = 4; lastKnownFileType = sourcecode.swift; path = MealTableViewCell.swift; sourceTree = "<group>"; };
		44281C1B1EEDB67700B74EA7 /* MealTableViewController.swift */ = {isa = PBXFileReference; fileEncoding = 4; lastKnownFileType = sourcecode.swift; path = MealTableViewController.swift; sourceTree = "<group>"; };
		443625591EEB837800C69F99 /* JumpRightIn.app */ = {isa = PBXFileReference; explicitFileType = wrapper.application; includeInIndex = 0; path = JumpRightIn.app; sourceTree = BUILT_PRODUCTS_DIR; };
		4436255C1EEB837800C69F99 /* AppDelegate.swift */ = {isa = PBXFileReference; lastKnownFileType = sourcecode.swift; path = AppDelegate.swift; sourceTree = "<group>"; };
		4436255E1EEB837800C69F99 /* MealViewController.swift */ = {isa = PBXFileReference; lastKnownFileType = sourcecode.swift; path = MealViewController.swift; sourceTree = "<group>"; };
		443625611EEB837800C69F99 /* Base */ = {isa = PBXFileReference; lastKnownFileType = file.storyboard; name = Base; path = Base.lproj/Main.storyboard; sourceTree = "<group>"; };
		443625641EEB837800C69F99 /* JumpRightIn.xcdatamodel */ = {isa = PBXFileReference; lastKnownFileType = wrapper.xcdatamodel; path = JumpRightIn.xcdatamodel; sourceTree = "<group>"; };
		443625661EEB837800C69F99 /* Assets.xcassets */ = {isa = PBXFileReference; lastKnownFileType = folder.assetcatalog; path = Assets.xcassets; sourceTree = "<group>"; };
		443625691EEB837800C69F99 /* Base */ = {isa = PBXFileReference; lastKnownFileType = file.storyboard; name = Base; path = Base.lproj/LaunchScreen.storyboard; sourceTree = "<group>"; };
		4436256B1EEB837800C69F99 /* Info.plist */ = {isa = PBXFileReference; lastKnownFileType = text.plist.xml; path = Info.plist; sourceTree = "<group>"; };
		444E33FD1EEBA98000425354 /* RatingController.swift */ = {isa = PBXFileReference; fileEncoding = 4; lastKnownFileType = sourcecode.swift; path = RatingController.swift; sourceTree = "<group>"; };
/* End PBXFileReference section */

/* Begin PBXFrameworksBuildPhase section */
		443625561EEB837800C69F99 /* Frameworks */ = {
			isa = PBXFrameworksBuildPhase;
			buildActionMask = 2147483647;
			files = (
			);
			runOnlyForDeploymentPostprocessing = 0;
		};
/* End PBXFrameworksBuildPhase section */

/* Begin PBXGroup section */
		44281C171EEDAD1900B74EA7 /* Model */ = {
			isa = PBXGroup;
			children = (
				44281C151EEDAD1200B74EA7 /* Meal.swift */,
			);
			name = Model;
			sourceTree = "<group>";
		};
		44281C1A1EEDB29700B74EA7 /* MealTableView */ = {
			isa = PBXGroup;
			children = (
				44281C1B1EEDB67700B74EA7 /* MealTableViewController.swift */,
				44281C181EEDB28D00B74EA7 /* MealTableViewCell.swift */,
			);
			name = MealTableView;
			sourceTree = "<group>";
		};
		443625501EEB837700C69F99 = {
			isa = PBXGroup;
			children = (
				4436255B1EEB837800C69F99 /* JumpRightIn */,
				4436255A1EEB837800C69F99 /* Products */,
			);
			sourceTree = "<group>";
		};
		4436255A1EEB837800C69F99 /* Products */ = {
			isa = PBXGroup;
			children = (
				443625591EEB837800C69F99 /* JumpRightIn.app */,
			);
			name = Products;
			sourceTree = "<group>";
		};
		4436255B1EEB837800C69F99 /* JumpRightIn */ = {
			isa = PBXGroup;
			children = (
				444E33FC1EEBA93E00425354 /* SupportingFIles */,
				44281C171EEDAD1900B74EA7 /* Model */,
				444E33FB1EEBA93300425354 /* Controller */,
				444E33FA1EEBA92D00425354 /* View */,
			);
			path = JumpRightIn;
			sourceTree = "<group>";
		};
		444E33FA1EEBA92D00425354 /* View */ = {
			isa = PBXGroup;
			children = (
				443625601EEB837800C69F99 /* Main.storyboard */,
				443625681EEB837800C69F99 /* LaunchScreen.storyboard */,
			);
			name = View;
			sourceTree = "<group>";
		};
		444E33FB1EEBA93300425354 /* Controller */ = {
			isa = PBXGroup;
			children = (
				44281C1A1EEDB29700B74EA7 /* MealTableView */,
				4436255E1EEB837800C69F99 /* MealViewController.swift */,
				444E33FD1EEBA98000425354 /* RatingController.swift */,
			);
			name = Controller;
			sourceTree = "<group>";
		};
		444E33FC1EEBA93E00425354 /* SupportingFIles */ = {
			isa = PBXGroup;
			children = (
				4436255C1EEB837800C69F99 /* AppDelegate.swift */,
				443625661EEB837800C69F99 /* Assets.xcassets */,
				4436256B1EEB837800C69F99 /* Info.plist */,
				443625631EEB837800C69F99 /* JumpRightIn.xcdatamodeld */,
			);
			name = SupportingFIles;
			sourceTree = "<group>";
		};
/* End PBXGroup section */

/* Begin PBXNativeTarget section */
		443625581EEB837800C69F99 /* JumpRightIn */ = {
			isa = PBXNativeTarget;
			buildConfigurationList = 4436256E1EEB837800C69F99 /* Build configuration list for PBXNativeTarget "JumpRightIn" */;
			buildPhases = (
				443625551EEB837800C69F99 /* Sources */,
				443625561EEB837800C69F99 /* Frameworks */,
				443625571EEB837800C69F99 /* Resources */,
			);
			buildRules = (
			);
			dependencies = (
			);
			name = JumpRightIn;
			productName = JumpRightIn;
			productReference = 443625591EEB837800C69F99 /* JumpRightIn.app */;
			productType = "com.apple.product-type.application";
		};
/* End PBXNativeTarget section */

/* Begin PBXProject section */
		443625511EEB837800C69F99 /* Project object */ = {
			isa = PBXProject;
			attributes = {
				LastSwiftUpdateCheck = 0830;
				LastUpgradeCheck = 0830;
				ORGANIZATIONNAME = KaiJendo;
				TargetAttributes = {
					443625581EEB837800C69F99 = {
						CreatedOnToolsVersion = 8.3;
						DevelopmentTeam = 2H7VRZNBB2;
						ProvisioningStyle = Automatic;
					};
				};
			};
			buildConfigurationList = 443625541EEB837800C69F99 /* Build configuration list for PBXProject "JumpRightIn" */;
			compatibilityVersion = "Xcode 3.2";
			developmentRegion = English;
			hasScannedForEncodings = 0;
			knownRegions = (
				en,
				Base,
			);
			mainGroup = 443625501EEB837700C69F99;
			productRefGroup = 4436255A1EEB837800C69F99 /* Products */;
			projectDirPath = "";
			projectRoot = "";
			targets = (
				443625581EEB837800C69F99 /* JumpRightIn */,
			);
		};
/* End PBXProject section */

/* Begin PBXResourcesBuildPhase section */
		443625571EEB837800C69F99 /* Resources */ = {
			isa = PBXResourcesBuildPhase;
			buildActionMask = 2147483647;
			files = (
				4436256A1EEB837800C69F99 /* LaunchScreen.storyboard in Resources */,
				443625671EEB837800C69F99 /* Assets.xcassets in Resources */,
				443625621EEB837800C69F99 /* Main.storyboard in Resources */,
			);
			runOnlyForDeploymentPostprocessing = 0;
		};
/* End PBXResourcesBuildPhase section */

/* Begin PBXSourcesBuildPhase section */
		443625551EEB837800C69F99 /* Sources */ = {
			isa = PBXSourcesBuildPhase;
			buildActionMask = 2147483647;
			files = (
				44281C161EEDAD1300B74EA7 /* Meal.swift in Sources */,
				443625651EEB837800C69F99 /* JumpRightIn.xcdatamodeld in Sources */,
				44281C1C1EEDB67700B74EA7 /* MealTableViewController.swift in Sources */,
				44281C191EEDB28D00B74EA7 /* MealTableViewCell.swift in Sources */,
				4436255F1EEB837800C69F99 /* MealViewController.swift in Sources */,
				444E33FE1EEBA98000425354 /* RatingController.swift in Sources */,
				4436255D1EEB837800C69F99 /* AppDelegate.swift in Sources */,
			);
			runOnlyForDeploymentPostprocessing = 0;
		};
/* End PBXSourcesBuildPhase section */

/* Begin PBXVariantGroup section */
		443625601EEB837800C69F99 /* Main.storyboard */ = {
			isa = PBXVariantGroup;
			children = (
				443625611EEB837800C69F99 /* Base */,
			);
			name = Main.storyboard;
			sourceTree = "<group>";
		};
		443625681EEB837800C69F99 /* LaunchScreen.storyboard */ = {
			isa = PBXVariantGroup;
			children = (
				443625691EEB837800C69F99 /* Base */,
			);
			name = LaunchScreen.storyboard;
			sourceTree = "<group>";
		};
/* End PBXVariantGroup section */

/* Begin XCBuildConfiguration section */
		4436256C1EEB837800C69F99 /* Debug */ = {
			isa = XCBuildConfiguration;
			buildSettings = {
				ALWAYS_SEARCH_USER_PATHS = NO;
				CLANG_ANALYZER_NONNULL = YES;
				CLANG_ANALYZER_NUMBER_OBJECT_CONVERSION = YES_AGGRESSIVE;
				CLANG_CXX_LANGUAGE_STANDARD = "gnu++0x";
				CLANG_CXX_LIBRARY = "libc++";
				CLANG_ENABLE_MODULES = YES;
				CLANG_ENABLE_OBJC_ARC = YES;
				CLANG_WARN_BOOL_CONVERSION = YES;
				CLANG_WARN_CONSTANT_CONVERSION = YES;
				CLANG_WARN_DIRECT_OBJC_ISA_USAGE = YES_ERROR;
				CLANG_WARN_DOCUMENTATION_COMMENTS = YES;
				CLANG_WARN_EMPTY_BODY = YES;
				CLANG_WARN_ENUM_CONVERSION = YES;
				CLANG_WARN_INFINITE_RECURSION = YES;
				CLANG_WARN_INT_CONVERSION = YES;
				CLANG_WARN_OBJC_ROOT_CLASS = YES_ERROR;
				CLANG_WARN_SUSPICIOUS_MOVE = YES;
				CLANG_WARN_UNREACHABLE_CODE = YES;
				CLANG_WARN__DUPLICATE_METHOD_MATCH = YES;
				"CODE_SIGN_IDENTITY[sdk=iphoneos*]" = "iPhone Developer";
				COPY_PHASE_STRIP = NO;
				DEBUG_INFORMATION_FORMAT = dwarf;
				ENABLE_STRICT_OBJC_MSGSEND = YES;
				ENABLE_TESTABILITY = YES;
				GCC_C_LANGUAGE_STANDARD = gnu99;
				GCC_DYNAMIC_NO_PIC = NO;
				GCC_NO_COMMON_BLOCKS = YES;
				GCC_OPTIMIZATION_LEVEL = 0;
				GCC_PREPROCESSOR_DEFINITIONS = (
					"DEBUG=1",
					"$(inherited)",
				);
				GCC_WARN_64_TO_32_BIT_CONVERSION = YES;
				GCC_WARN_ABOUT_RETURN_TYPE = YES_ERROR;
				GCC_WARN_UNDECLARED_SELECTOR = YES;
				GCC_WARN_UNINITIALIZED_AUTOS = YES_AGGRESSIVE;
				GCC_WARN_UNUSED_FUNCTION = YES;
				GCC_WARN_UNUSED_VARIABLE = YES;
				IPHONEOS_DEPLOYMENT_TARGET = 10.3;
				MTL_ENABLE_DEBUG_INFO = YES;
				ONLY_ACTIVE_ARCH = YES;
				SDKROOT = iphoneos;
				SWIFT_ACTIVE_COMPILATION_CONDITIONS = DEBUG;
				SWIFT_OPTIMIZATION_LEVEL = "-Onone";
				TARGETED_DEVICE_FAMILY = "1,2";
			};
			name = Debug;
		};
		4436256D1EEB837800C69F99 /* Release */ = {
			isa = XCBuildConfiguration;
			buildSettings = {
				ALWAYS_SEARCH_USER_PATHS = NO;
				CLANG_ANALYZER_NONNULL = YES;
				CLANG_ANALYZER_NUMBER_OBJECT_CONVERSION = YES_AGGRESSIVE;
				CLANG_CXX_LANGUAGE_STANDARD = "gnu++0x";
				CLANG_CXX_LIBRARY = "libc++";
				CLANG_ENABLE_MODULES = YES;
				CLANG_ENABLE_OBJC_ARC = YES;
				CLANG_WARN_BOOL_CONVERSION = YES;
				CLANG_WARN_CONSTANT_CONVERSION = YES;
				CLANG_WARN_DIRECT_OBJC_ISA_USAGE = YES_ERROR;
				CLANG_WARN_DOCUMENTATION_COMMENTS = YES;
				CLANG_WARN_EMPTY_BODY = YES;
				CLANG_WARN_ENUM_CONVERSION = YES;
				CLANG_WARN_INFINITE_RECURSION = YES;
				CLANG_WARN_INT_CONVERSION = YES;
				CLANG_WARN_OBJC_ROOT_CLASS = YES_ERROR;
				CLANG_WARN_SUSPICIOUS_MOVE = YES;
				CLANG_WARN_UNREACHABLE_CODE = YES;
				CLANG_WARN__DUPLICATE_METHOD_MATCH = YES;
				"CODE_SIGN_IDENTITY[sdk=iphoneos*]" = "iPhone Developer";
				COPY_PHASE_STRIP = NO;
				DEBUG_INFORMATION_FORMAT = "dwarf-with-dsym";
				ENABLE_NS_ASSERTIONS = NO;
				ENABLE_STRICT_OBJC_MSGSEND = YES;
				GCC_C_LANGUAGE_STANDARD = gnu99;
				GCC_NO_COMMON_BLOCKS = YES;
				GCC_WARN_64_TO_32_BIT_CONVERSION = YES;
				GCC_WARN_ABOUT_RETURN_TYPE = YES_ERROR;
				GCC_WARN_UNDECLARED_SELECTOR = YES;
				GCC_WARN_UNINITIALIZED_AUTOS = YES_AGGRESSIVE;
				GCC_WARN_UNUSED_FUNCTION = YES;
				GCC_WARN_UNUSED_VARIABLE = YES;
				IPHONEOS_DEPLOYMENT_TARGET = 10.3;
				MTL_ENABLE_DEBUG_INFO = NO;
				SDKROOT = iphoneos;
				SWIFT_OPTIMIZATION_LEVEL = "-Owholemodule";
				TARGETED_DEVICE_FAMILY = "1,2";
				VALIDATE_PRODUCT = YES;
			};
			name = Release;
		};
		4436256F1EEB837800C69F99 /* Debug */ = {
			isa = XCBuildConfiguration;
			buildSettings = {
				ASSETCATALOG_COMPILER_APPICON_NAME = AppIcon;
				DEVELOPMENT_TEAM = 2H7VRZNBB2;
				INFOPLIST_FILE = JumpRightIn/Info.plist;
				LD_RUNPATH_SEARCH_PATHS = "$(inherited) @executable_path/Frameworks";
				PRODUCT_BUNDLE_IDENTIFIER = KaiJendo.JumpRightIn;
				PRODUCT_NAME = "$(TARGET_NAME)";
				SWIFT_VERSION = 3.0;
			};
			name = Debug;
		};
		443625701EEB837800C69F99 /* Release */ = {
			isa = XCBuildConfiguration;
			buildSettings = {
				ASSETCATALOG_COMPILER_APPICON_NAME = AppIcon;
				DEVELOPMENT_TEAM = 2H7VRZNBB2;
				INFOPLIST_FILE = JumpRightIn/Info.plist;
				LD_RUNPATH_SEARCH_PATHS = "$(inherited) @executable_path/Frameworks";
				PRODUCT_BUNDLE_IDENTIFIER = KaiJendo.JumpRightIn;
				PRODUCT_NAME = "$(TARGET_NAME)";
				SWIFT_VERSION = 3.0;
			};
			name = Release;
		};
/* End XCBuildConfiguration section */

/* Begin XCConfigurationList section */
		443625541EEB837800C69F99 /* Build configuration list for PBXProject "JumpRightIn" */ = {
			isa = XCConfigurationList;
			buildConfigurations = (
				4436256C1EEB837800C69F99 /* Debug */,
				4436256D1EEB837800C69F99 /* Release */,
			);
			defaultConfigurationIsVisible = 0;
			defaultConfigurationName = Release;
		};
		4436256E1EEB837800C69F99 /* Build configuration list for PBXNativeTarget "JumpRightIn" */ = {
			isa = XCConfigurationList;
			buildConfigurations = (
				4436256F1EEB837800C69F99 /* Debug */,
				443625701EEB837800C69F99 /* Release */,
			);
			defaultConfigurationIsVisible = 0;
			defaultConfigurationName = Release;
		};
/* End XCConfigurationList section */

/* Begin XCVersionGroup section */
		443625631EEB837800C69F99 /* JumpRightIn.xcdatamodeld */ = {
			isa = XCVersionGroup;
			children = (
				443625641EEB837800C69F99 /* JumpRightIn.xcdatamodel */,
			);
			currentVersion = 443625641EEB837800C69F99 /* JumpRightIn.xcdatamodel */;
			path = JumpRightIn.xcdatamodeld;
			sourceTree = "<group>";
			versionGroupType = wrapper.xcdatamodel;
		};
/* End XCVersionGroup section */
	};
	rootObject = 443625511EEB837800C69F99 /* Project object */;
}
